
Microsoft Visual Studio Solution File, Format Version 12.00
# Visual Studio Version 17
VisualStudioVersion = 17.10.34928.147
MinimumVisualStudioVersion = 10.0.40219.1
Project("{FAE04EC0-301F-11D3-BF4B-00C04F79EFBC}") = "ImportExportCsvXls", "ImportExportCsvXls\ImportExportCsvXls.csproj", "{1AF45BC2-066C-49B3-8DD5-44AFBD0AC7B6}"
EndProject
Global
	GlobalSection(SolutionConfigurationPlatforms) = preSolution
		Debug|Any CPU = Debug|Any CPU
		Release|Any CPU = Release|Any CPU
	EndGlobalSection
	GlobalSection(ProjectConfigurationPlatforms) = postSolution
		{1AF45BC2-066C-49B3-8DD5-44AFBD0AC7B6}.Debug|Any CPU.ActiveCfg = Debug|Any CPU
		{1AF45BC2-066C-49B3-8DD5-44AFBD0AC7B6}.Debug|Any CPU.Build.0 = Debug|Any CPU
		{1AF45BC2-066C-49B3-8DD5-44AFBD0AC7B6}.Release|Any CPU.ActiveCfg = Release|Any CPU
		{1AF45BC2-066C-49B3-8DD5-44AFBD0AC7B6}.Release|Any CPU.Build.0 = Release|Any CPU
	EndGlobalSection
	GlobalSection(SolutionProperties) = preSolution
		HideSolutionNode = FALSE
	EndGlobalSection
	GlobalSection(ExtensibilityGlobals) = postSolution
		SolutionGuid = {048C74C9-D749-4FCE-BB93-713CCFEBFE40}
	EndGlobalSection
EndGlobal
